// !$*UTF8*$!
{
	archiveVersion = 1;
	classes = {
	};
	objectVersion = 56;
	objects = {

/* Begin PBXBuildFile section */
		C32BFA122DD3A9BA003BB874 /* AppDelegate.swift in Sources */ = {isa = PBXBuildFile; fileRef = C32BFA112DD3A9BA003BB874 /* AppDelegate.swift */; };
		C32BFA142DD3A9BA003BB874 /* SceneDelegate.swift in Sources */ = {isa = PBXBuildFile; fileRef = C32BFA132DD3A9BA003BB874 /* SceneDelegate.swift */; };
		C32BFA162DD3A9BA003BB874 /* ViewController.swift in Sources */ = {isa = PBXBuildFile; fileRef = C32BFA152DD3A9BA003BB874 /* ViewController.swift */; };
		C32BFA192DD3A9BA003BB874 /* Main.storyboard in Resources */ = {isa = PBXBuildFile; fileRef = C32BFA172DD3A9BA003BB874 /* Main.storyboard */; };
		C32BFA1B2DD3A9C1003BB874 /* Assets.xcassets in Resources */ = {isa = PBXBuildFile; fileRef = C32BFA1A2DD3A9C1003BB874 /* Assets.xcassets */; };
		C32BFA1E2DD3A9C1003BB874 /* LaunchScreen.storyboard in Resources */ = {isa = PBXBuildFile; fileRef = C32BFA1C2DD3A9C1003BB874 /* LaunchScreen.storyboard */; };
		C32BFA292DD3A9C2003BB874 /* quicksmsTests.swift in Sources */ = {isa = PBXBuildFile; fileRef = C32BFA282DD3A9C2003BB874 /* quicksmsTests.swift */; };
		C32BFA332DD3A9C2003BB874 /* quicksmsUITests.swift in Sources */ = {isa = PBXBuildFile; fileRef = C32BFA322DD3A9C2003BB874 /* quicksmsUITests.swift */; };
		C32BFA352DD3A9C2003BB874 /* quicksmsUITestsLaunchTests.swift in Sources */ = {isa = PBXBuildFile; fileRef = C32BFA342DD3A9C2003BB874 /* quicksmsUITestsLaunchTests.swift */; };
/* End PBXBuildFile section */

/* Begin PBXContainerItemProxy section */
		C32BFA252DD3A9C2003BB874 /* PBXContainerItemProxy */ = {
			isa = PBXContainerItemProxy;
			containerPortal = C32BFA062DD3A9B9003BB874 /* Project object */;
			proxyType = 1;
			remoteGlobalIDString = C32BFA0D2DD3A9BA003BB874;
			remoteInfo = quicksms;
		};
		C32BFA2F2DD3A9C2003BB874 /* PBXContainerItemProxy */ = {
			isa = PBXContainerItemProxy;
			containerPortal = C32BFA062DD3A9B9003BB874 /* Project object */;
			proxyType = 1;
			remoteGlobalIDString = C32BFA0D2DD3A9BA003BB874;
			remoteInfo = quicksms;
		};
/* End PBXContainerItemProxy section */

/* Begin PBXFileReference section */
		C32BFA0E2DD3A9BA003BB874 /* quicksms.app */ = {isa = PBXFileReference; explicitFileType = wrapper.application; includeInIndex = 0; path = quicksms.app; sourceTree = BUILT_PRODUCTS_DIR; };
		C32BFA112DD3A9BA003BB874 /* AppDelegate.swift */ = {isa = PBXFileReference; lastKnownFileType = sourcecode.swift; path = AppDelegate.swift; sourceTree = "<group>"; };
		C32BFA132DD3A9BA003BB874 /* SceneDelegate.swift */ = {isa = PBXFileReference; lastKnownFileType = sourcecode.swift; path = SceneDelegate.swift; sourceTree = "<group>"; };
		C32BFA152DD3A9BA003BB874 /* ViewController.swift */ = {isa = PBXFileReference; lastKnownFileType = sourcecode.swift; path = ViewController.swift; sourceTree = "<group>"; };
		C32BFA182DD3A9BA003BB874 /* Base */ = {isa = PBXFileReference; lastKnownFileType = file.storyboard; name = Base; path = Base.lproj/Main.storyboard; sourceTree = "<group>"; };
		C32BFA1A2DD3A9C1003BB874 /* Assets.xcassets */ = {isa = PBXFileReference; lastKnownFileType = folder.assetcatalog; path = Assets.xcassets; sourceTree = "<group>"; };
		C32BFA1D2DD3A9C1003BB874 /* Base */ = {isa = PBXFileReference; lastKnownFileType = file.storyboard; name = Base; path = Base.lproj/LaunchScreen.storyboard; sourceTree = "<group>"; };
		C32BFA1F2DD3A9C1003BB874 /* Info.plist */ = {isa = PBXFileReference; lastKnownFileType = text.plist.xml; path = Info.plist; sourceTree = "<group>"; };
		C32BFA242DD3A9C2003BB874 /* quicksmsTests.xctest */ = {isa = PBXFileReference; explicitFileType = wrapper.cfbundle; includeInIndex = 0; path = quicksmsTests.xctest; sourceTree = BUILT_PRODUCTS_DIR; };
		C32BFA282DD3A9C2003BB874 /* quicksmsTests.swift */ = {isa = PBXFileReference; lastKnownFileType = sourcecode.swift; path = quicksmsTests.swift; sourceTree = "<group>"; };
		C32BFA2E2DD3A9C2003BB874 /* quicksmsUITests.xctest */ = {isa = PBXFileReference; explicitFileType = wrapper.cfbundle; includeInIndex = 0; path = quicksmsUITests.xctest; sourceTree = BUILT_PRODUCTS_DIR; };
		C32BFA322DD3A9C2003BB874 /* quicksmsUITests.swift */ = {isa = PBXFileReference; lastKnownFileType = sourcecode.swift; path = quicksmsUITests.swift; sourceTree = "<group>"; };
		C32BFA342DD3A9C2003BB874 /* quicksmsUITestsLaunchTests.swift */ = {isa = PBXFileReference; lastKnownFileType = sourcecode.swift; path = quicksmsUITestsLaunchTests.swift; sourceTree = "<group>"; };
/* End PBXFileReference section */

/* Begin PBXFrameworksBuildPhase section */
		C32BFA0B2DD3A9BA003BB874 /* Frameworks */ = {
			isa = PBXFrameworksBuildPhase;
			buildActionMask = 2147483647;
			files = (
			);
			runOnlyForDeploymentPostprocessing = 0;
		};
		C32BFA212DD3A9C2003BB874 /* Frameworks */ = {
			isa = PBXFrameworksBuildPhase;
			buildActionMask = 2147483647;
			files = (
			);
			runOnlyForDeploymentPostprocessing = 0;
		};
		C32BFA2B2DD3A9C2003BB874 /* Frameworks */ = {
			isa = PBXFrameworksBuildPhase;
			buildActionMask = 2147483647;
			files = (
			);
			runOnlyForDeploymentPostprocessing = 0;
		};
/* End PBXFrameworksBuildPhase section */

/* Begin PBXGroup section */
		C32BFA052DD3A9B9003BB874 = {
			isa = PBXGroup;
			children = (
				C32BFA102DD3A9BA003BB874 /* quicksms */,
				C32BFA272DD3A9C2003BB874 /* quicksmsTests */,
				C32BFA312DD3A9C2003BB874 /* quicksmsUITests */,
				C32BFA0F2DD3A9BA003BB874 /* Products */,
			);
			sourceTree = "<group>";
		};
		C32BFA0F2DD3A9BA003BB874 /* Products */ = {
			isa = PBXGroup;
			children = (
				C32BFA0E2DD3A9BA003BB874 /* quicksms.app */,
				C32BFA242DD3A9C2003BB874 /* quicksmsTests.xctest */,
				C32BFA2E2DD3A9C2003BB874 /* quicksmsUITests.xctest */,
			);
			name = Products;
			sourceTree = "<group>";
		};
		C32BFA102DD3A9BA003BB874 /* quicksms */ = {
			isa = PBXGroup;
			children = (
				C32BFA112DD3A9BA003BB874 /* AppDelegate.swift */,
				C32BFA132DD3A9BA003BB874 /* SceneDelegate.swift */,
				C32BFA152DD3A9BA003BB874 /* ViewController.swift */,
				C32BFA172DD3A9BA003BB874 /* Main.storyboard */,
				C32BFA1A2DD3A9C1003BB874 /* Assets.xcassets */,
				C32BFA1C2DD3A9C1003BB874 /* LaunchScreen.storyboard */,
				C32BFA1F2DD3A9C1003BB874 /* Info.plist */,
			);
			path = quicksms;
			sourceTree = "<group>";
		};
		C32BFA272DD3A9C2003BB874 /* quicksmsTests */ = {
			isa = PBXGroup;
			children = (
				C32BFA282DD3A9C2003BB874 /* quicksmsTests.swift */,
			);
			path = quicksmsTests;
			sourceTree = "<group>";
		};
		C32BFA312DD3A9C2003BB874 /* quicksmsUITests */ = {
			isa = PBXGroup;
			children = (
				C32BFA322DD3A9C2003BB874 /* quicksmsUITests.swift */,
				C32BFA342DD3A9C2003BB874 /* quicksmsUITestsLaunchTests.swift */,
			);
			path = quicksmsUITests;
			sourceTree = "<group>";
		};
/* End PBXGroup section */

/* Begin PBXNativeTarget section */
		C32BFA0D2DD3A9BA003BB874 /* quicksms */ = {
			isa = PBXNativeTarget;
			buildConfigurationList = C32BFA382DD3A9C2003BB874 /* Build configuration list for PBXNativeTarget "quicksms" */;
			buildPhases = (
				C32BFA0A2DD3A9BA003BB874 /* Sources */,
				C32BFA0B2DD3A9BA003BB874 /* Frameworks */,
				C32BFA0C2DD3A9BA003BB874 /* Resources */,
			);
			buildRules = (
			);
			dependencies = (
			);
			name = quicksms;
			productName = quicksms;
			productReference = C32BFA0E2DD3A9BA003BB874 /* quicksms.app */;
			productType = "com.apple.product-type.application";
		};
		C32BFA232DD3A9C2003BB874 /* quicksmsTests */ = {
			isa = PBXNativeTarget;
			buildConfigurationList = C32BFA3B2DD3A9C2003BB874 /* Build configuration list for PBXNativeTarget "quicksmsTests" */;
			buildPhases = (
				C32BFA202DD3A9C2003BB874 /* Sources */,
				C32BFA212DD3A9C2003BB874 /* Frameworks */,
				C32BFA222DD3A9C2003BB874 /* Resources */,
			);
			buildRules = (
			);
			dependencies = (
				C32BFA262DD3A9C2003BB874 /* PBXTargetDependency */,
			);
			name = quicksmsTests;
			productName = quicksmsTests;
			productReference = C32BFA242DD3A9C2003BB874 /* quicksmsTests.xctest */;
			productType = "com.apple.product-type.bundle.unit-test";
		};
		C32BFA2D2DD3A9C2003BB874 /* quicksmsUITests */ = {
			isa = PBXNativeTarget;
			buildConfigurationList = C32BFA3E2DD3A9C2003BB874 /* Build configuration list for PBXNativeTarget "quicksmsUITests" */;
			buildPhases = (
				C32BFA2A2DD3A9C2003BB874 /* Sources */,
				C32BFA2B2DD3A9C2003BB874 /* Frameworks */,
				C32BFA2C2DD3A9C2003BB874 /* Resources */,
			);
			buildRules = (
			);
			dependencies = (
				C32BFA302DD3A9C2003BB874 /* PBXTargetDependency */,
			);
			name = quicksmsUITests;
			productName = quicksmsUITests;
			productReference = C32BFA2E2DD3A9C2003BB874 /* quicksmsUITests.xctest */;
			productType = "com.apple.product-type.bundle.ui-testing";
		};
/* End PBXNativeTarget section */

/* Begin PBXProject section */
		C32BFA062DD3A9B9003BB874 /* Project object */ = {
			isa = PBXProject;
			attributes = {
				BuildIndependentTargetsInParallel = 1;
				LastSwiftUpdateCheck = 1520;
				LastUpgradeCheck = 1520;
				TargetAttributes = {
					C32BFA0D2DD3A9BA003BB874 = {
						CreatedOnToolsVersion = 15.2;
					};
					C32BFA232DD3A9C2003BB874 = {
						CreatedOnToolsVersion = 15.2;
						TestTargetID = C32BFA0D2DD3A9BA003BB874;
					};
					C32BFA2D2DD3A9C2003BB874 = {
						CreatedOnToolsVersion = 15.2;
						TestTargetID = C32BFA0D2DD3A9BA003BB874;
					};
				};
			};
			buildConfigurationList = C32BFA092DD3A9B9003BB874 /* Build configuration list for PBXProject "quicksms" */;
			compatibilityVersion = "Xcode 14.0";
			developmentRegion = en;
			hasScannedForEncodings = 0;
			knownRegions = (
				en,
				Base,
			);
			mainGroup = C32BFA052DD3A9B9003BB874;
			productRefGroup = C32BFA0F2DD3A9BA003BB874 /* Products */;
			projectDirPath = "";
			projectRoot = "";
			targets = (
				C32BFA0D2DD3A9BA003BB874 /* quicksms */,
				C32BFA232DD3A9C2003BB874 /* quicksmsTests */,
				C32BFA2D2DD3A9C2003BB874 /* quicksmsUITests */,
			);
		};
/* End PBXProject section */

/* Begin PBXResourcesBuildPhase section */
		C32BFA0C2DD3A9BA003BB874 /* Resources */ = {
			isa = PBXResourcesBuildPhase;
			buildActionMask = 2147483647;
			files = (
				C32BFA1E2DD3A9C1003BB874 /* LaunchScreen.storyboard in Resources */,
				C32BFA1B2DD3A9C1003BB874 /* Assets.xcassets in Resources */,
				C32BFA192DD3A9BA003BB874 /* Main.storyboard in Resources */,
			);
			runOnlyForDeploymentPostprocessing = 0;
		};
		C32BFA222DD3A9C2003BB874 /* Resources */ = {
			isa = PBXResourcesBuildPhase;
			buildActionMask = 2147483647;
			files = (
			);
			runOnlyForDeploymentPostprocessing = 0;
		};
		C32BFA2C2DD3A9C2003BB874 /* Resources */ = {
			isa = PBXResourcesBuildPhase;
			buildActionMask = 2147483647;
			files = (
			);
			runOnlyForDeploymentPostprocessing = 0;
		};
/* End PBXResourcesBuildPhase section */

/* Begin PBXSourcesBuildPhase section */
		C32BFA0A2DD3A9BA003BB874 /* Sources */ = {
			isa = PBXSourcesBuildPhase;
			buildActionMask = 2147483647;
			files = (
				C32BFA162DD3A9BA003BB874 /* ViewController.swift in Sources */,
				C32BFA122DD3A9BA003BB874 /* AppDelegate.swift in Sources */,
				C32BFA142DD3A9BA003BB874 /* SceneDelegate.swift in Sources */,
			);
			runOnlyForDeploymentPostprocessing = 0;
		};
		C32BFA202DD3A9C2003BB874 /* Sources */ = {
			isa = PBXSourcesBuildPhase;
			buildActionMask = 2147483647;
			files = (
				C32BFA292DD3A9C2003BB874 /* quicksmsTests.swift in Sources */,
			);
			runOnlyForDeploymentPostprocessing = 0;
		};
		C32BFA2A2DD3A9C2003BB874 /* Sources */ = {
			isa = PBXSourcesBuildPhase;
			buildActionMask = 2147483647;
			files = (
				C32BFA352DD3A9C2003BB874 /* quicksmsUITestsLaunchTests.swift in Sources */,
				C32BFA332DD3A9C2003BB874 /* quicksmsUITests.swift in Sources */,
			);
			runOnlyForDeploymentPostprocessing = 0;
		};
/* End PBXSourcesBuildPhase section */

/* Begin PBXTargetDependency section */
		C32BFA262DD3A9C2003BB874 /* PBXTargetDependency */ = {
			isa = PBXTargetDependency;
			target = C32BFA0D2DD3A9BA003BB874 /* quicksms */;
			targetProxy = C32BFA252DD3A9C2003BB874 /* PBXContainerItemProxy */;
		};
		C32BFA302DD3A9C2003BB874 /* PBXTargetDependency */ = {
			isa = PBXTargetDependency;
			target = C32BFA0D2DD3A9BA003BB874 /* quicksms */;
			targetProxy = C32BFA2F2DD3A9C2003BB874 /* PBXContainerItemProxy */;
		};
/* End PBXTargetDependency section */

/* Begin PBXVariantGroup section */
		C32BFA172DD3A9BA003BB874 /* Main.storyboard */ = {
			isa = PBXVariantGroup;
			children = (
				C32BFA182DD3A9BA003BB874 /* Base */,
			);
			name = Main.storyboard;
			sourceTree = "<group>";
		};
		C32BFA1C2DD3A9C1003BB874 /* LaunchScreen.storyboard */ = {
			isa = PBXVariantGroup;
			children = (
				C32BFA1D2DD3A9C1003BB874 /* Base */,
			);
			name = LaunchScreen.storyboard;
			sourceTree = "<group>";
		};
/* End PBXVariantGroup section */

/* Begin XCBuildConfiguration section */
		C32BFA362DD3A9C2003BB874 /* Debug */ = {
			isa = XCBuildConfiguration;
			buildSettings = {
				ALWAYS_SEARCH_USER_PATHS = NO;
				ASSETCATALOG_COMPILER_GENERATE_SWIFT_ASSET_SYMBOL_EXTENSIONS = YES;
				CLANG_ANALYZER_NONNULL = YES;
				CLANG_ANALYZER_NUMBER_OBJECT_CONVERSION = YES_AGGRESSIVE;
				CLANG_CXX_LANGUAGE_STANDARD = "gnu++20";
				CLANG_ENABLE_MODULES = YES;
				CLANG_ENABLE_OBJC_ARC = YES;
				CLANG_ENABLE_OBJC_WEAK = YES;
				CLANG_WARN_BLOCK_CAPTURE_AUTORELEASING = YES;
				CLANG_WARN_BOOL_CONVERSION = YES;
				CLANG_WARN_COMMA = YES;
				CLANG_WARN_CONSTANT_CONVERSION = YES;
				CLANG_WARN_DEPRECATED_OBJC_IMPLEMENTATIONS = YES;
				CLANG_WARN_DIRECT_OBJC_ISA_USAGE = YES_ERROR;
				CLANG_WARN_DOCUMENTATION_COMMENTS = YES;
				CLANG_WARN_EMPTY_BODY = YES;
				CLANG_WARN_ENUM_CONVERSION = YES;
				CLANG_WARN_INFINITE_RECURSION = YES;
				CLANG_WARN_INT_CONVERSION = YES;
				CLANG_WARN_NON_LITERAL_NULL_CONVERSION = YES;
				CLANG_WARN_OBJC_IMPLICIT_RETAIN_SELF = YES;
				CLANG_WARN_OBJC_LITERAL_CONVERSION = YES;
				CLANG_WARN_OBJC_ROOT_CLASS = YES_ERROR;
				CLANG_WARN_QUOTED_INCLUDE_IN_FRAMEWORK_HEADER = YES;
				CLANG_WARN_RANGE_LOOP_ANALYSIS = YES;
				CLANG_WARN_STRICT_PROTOTYPES = YES;
				CLANG_WARN_SUSPICIOUS_MOVE = YES;
				CLANG_WARN_UNGUARDED_AVAILABILITY = YES_AGGRESSIVE;
				CLANG_WARN_UNREACHABLE_CODE = YES;
				CLANG_WARN__DUPLICATE_METHOD_MATCH = YES;
				COPY_PHASE_STRIP = NO;
				DEBUG_INFORMATION_FORMAT = dwarf;
				ENABLE_STRICT_OBJC_MSGSEND = YES;
				ENABLE_TESTABILITY = YES;
				ENABLE_USER_SCRIPT_SANDBOXING = YES;
				GCC_C_LANGUAGE_STANDARD = gnu17;
				GCC_DYNAMIC_NO_PIC = NO;
				GCC_NO_COMMON_BLOCKS = YES;
				GCC_OPTIMIZATION_LEVEL = 0;
				GCC_PREPROCESSOR_DEFINITIONS = (
					"DEBUG=1",
					"$(inherited)",
				);
				GCC_WARN_64_TO_32_BIT_CONVERSION = YES;
				GCC_WARN_ABOUT_RETURN_TYPE = YES_ERROR;
				GCC_WARN_UNDECLARED_SELECTOR = YES;
				GCC_WARN_UNINITIALIZED_AUTOS = YES_AGGRESSIVE;
				GCC_WARN_UNUSED_FUNCTION = YES;
				GCC_WARN_UNUSED_VARIABLE = YES;
				IPHONEOS_DEPLOYMENT_TARGET = 17.2;
				LOCALIZATION_PREFERS_STRING_CATALOGS = YES;
				MTL_ENABLE_DEBUG_INFO = INCLUDE_SOURCE;
				MTL_FAST_MATH = YES;
				ONLY_ACTIVE_ARCH = YES;
				SDKROOT = iphoneos;
				SWIFT_ACTIVE_COMPILATION_CONDITIONS = "DEBUG $(inherited)";
				SWIFT_OPTIMIZATION_LEVEL = "-Onone";
			};
			name = Debug;
		};
		C32BFA372DD3A9C2003BB874 /* Release */ = {
			isa = XCBuildConfiguration;
			buildSettings = {
				ALWAYS_SEARCH_USER_PATHS = NO;
				ASSETCATALOG_COMPILER_GENERATE_SWIFT_ASSET_SYMBOL_EXTENSIONS = YES;
				CLANG_ANALYZER_NONNULL = YES;
				CLANG_ANALYZER_NUMBER_OBJECT_CONVERSION = YES_AGGRESSIVE;
				CLANG_CXX_LANGUAGE_STANDARD = "gnu++20";
				CLANG_ENABLE_MODULES = YES;
				CLANG_ENABLE_OBJC_ARC = YES;
				CLANG_ENABLE_OBJC_WEAK = YES;
				CLANG_WARN_BLOCK_CAPTURE_AUTORELEASING = YES;
				CLANG_WARN_BOOL_CONVERSION = YES;
				CLANG_WARN_COMMA = YES;
				CLANG_WARN_CONSTANT_CONVERSION = YES;
				CLANG_WARN_DEPRECATED_OBJC_IMPLEMENTATIONS = YES;
				CLANG_WARN_DIRECT_OBJC_ISA_USAGE = YES_ERROR;
				CLANG_WARN_DOCUMENTATION_COMMENTS = YES;
				CLANG_WARN_EMPTY_BODY = YES;
				CLANG_WARN_ENUM_CONVERSION = YES;
				CLANG_WARN_INFINITE_RECURSION = YES;
				CLANG_WARN_INT_CONVERSION = YES;
				CLANG_WARN_NON_LITERAL_NULL_CONVERSION = YES;
				CLANG_WARN_OBJC_IMPLICIT_RETAIN_SELF = YES;
				CLANG_WARN_OBJC_LITERAL_CONVERSION = YES;
				CLANG_WARN_OBJC_ROOT_CLASS = YES_ERROR;
				CLANG_WARN_QUOTED_INCLUDE_IN_FRAMEWORK_HEADER = YES;
				CLANG_WARN_RANGE_LOOP_ANALYSIS = YES;
				CLANG_WARN_STRICT_PROTOTYPES = YES;
				CLANG_WARN_SUSPICIOUS_MOVE = YES;
				CLANG_WARN_UNGUARDED_AVAILABILITY = YES_AGGRESSIVE;
				CLANG_WARN_UNREACHABLE_CODE = YES;
				CLANG_WARN__DUPLICATE_METHOD_MATCH = YES;
				COPY_PHASE_STRIP = NO;
				DEBUG_INFORMATION_FORMAT = "dwarf-with-dsym";
				ENABLE_NS_ASSERTIONS = NO;
				ENABLE_STRICT_OBJC_MSGSEND = YES;
				ENABLE_USER_SCRIPT_SANDBOXING = YES;
				GCC_C_LANGUAGE_STANDARD = gnu17;
				GCC_NO_COMMON_BLOCKS = YES;
				GCC_WARN_64_TO_32_BIT_CONVERSION = YES;
				GCC_WARN_ABOUT_RETURN_TYPE = YES_ERROR;
				GCC_WARN_UNDECLARED_SELECTOR = YES;
				GCC_WARN_UNINITIALIZED_AUTOS = YES_AGGRESSIVE;
				GCC_WARN_UNUSED_FUNCTION = YES;
				GCC_WARN_UNUSED_VARIABLE = YES;
				IPHONEOS_DEPLOYMENT_TARGET = 17.2;
				LOCALIZATION_PREFERS_STRING_CATALOGS = YES;
				MTL_ENABLE_DEBUG_INFO = NO;
				MTL_FAST_MATH = YES;
				SDKROOT = iphoneos;
				SWIFT_COMPILATION_MODE = wholemodule;
				VALIDATE_PRODUCT = YES;
			};
			name = Release;
		};
		C32BFA392DD3A9C2003BB874 /* Debug */ = {
			isa = XCBuildConfiguration;
			buildSettings = {
				ASSETCATALOG_COMPILER_APPICON_NAME = AppIcon;
				ASSETCATALOG_COMPILER_GLOBAL_ACCENT_COLOR_NAME = AccentColor;
				CODE_SIGN_STYLE = Automatic;
				CURRENT_PROJECT_VERSION = 1;
				GENERATE_INFOPLIST_FILE = YES;
				INFOPLIST_FILE = quicksms/Info.plist;
				INFOPLIST_KEY_UIApplicationSupportsIndirectInputEvents = YES;
				INFOPLIST_KEY_UILaunchStoryboardName = LaunchScreen;
				INFOPLIST_KEY_UIMainStoryboardFile = Main;
				INFOPLIST_KEY_UISupportedInterfaceOrientations_iPad = "UIInterfaceOrientationPortrait UIInterfaceOrientationPortraitUpsideDown UIInterfaceOrientationLandscapeLeft UIInterfaceOrientationLandscapeRight";
				INFOPLIST_KEY_UISupportedInterfaceOrientations_iPhone = "UIInterfaceOrientationPortrait UIInterfaceOrientationLandscapeLeft UIInterfaceOrientationLandscapeRight";
				LD_RUNPATH_SEARCH_PATHS = (
					"$(inherited)",
					"@executable_path/Frameworks",
				);
				MARKETING_VERSION = 1.0;
				PRODUCT_BUNDLE_IDENTIFIER = emre.quicksms;
				PRODUCT_NAME = "$(TARGET_NAME)";
				SWIFT_EMIT_LOC_STRINGS = YES;
				SWIFT_VERSION = 5.0;
				TARGETED_DEVICE_FAMILY = "1,2";
			};
			name = Debug;
		};
		C32BFA3A2DD3A9C2003BB874 /* Release */ = {
			isa = XCBuildConfiguration;
			buildSettings = {
				ASSETCATALOG_COMPILER_APPICON_NAME = AppIcon;
				ASSETCATALOG_COMPILER_GLOBAL_ACCENT_COLOR_NAME = AccentColor;
				CODE_SIGN_STYLE = Automatic;
				CURRENT_PROJECT_VERSION = 1;
				GENERATE_INFOPLIST_FILE = YES;
				INFOPLIST_FILE = quicksms/Info.plist;
				INFOPLIST_KEY_UIApplicationSupportsIndirectInputEvents = YES;
				INFOPLIST_KEY_UILaunchStoryboardName = LaunchScreen;
				INFOPLIST_KEY_UIMainStoryboardFile = Main;
				INFOPLIST_KEY_UISupportedInterfaceOrientations_iPad = "UIInterfaceOrientationPortrait UIInterfaceOrientationPortraitUpsideDown UIInterfaceOrientationLandscapeLeft UIInterfaceOrientationLandscapeRight";
				INFOPLIST_KEY_UISupportedInterfaceOrientations_iPhone = "UIInterfaceOrientationPortrait UIInterfaceOrientationLandscapeLeft UIInterfaceOrientationLandscapeRight";
				LD_RUNPATH_SEARCH_PATHS = (
					"$(inherited)",
					"@executable_path/Frameworks",
				);
				MARKETING_VERSION = 1.0;
				PRODUCT_BUNDLE_IDENTIFIER = emre.quicksms;
				PRODUCT_NAME = "$(TARGET_NAME)";
				SWIFT_EMIT_LOC_STRINGS = YES;
				SWIFT_VERSION = 5.0;
				TARGETED_DEVICE_FAMILY = "1,2";
			};
			name = Release;
		};
		C32BFA3C2DD3A9C2003BB874 /* Debug */ = {
			isa = XCBuildConfiguration;
			buildSettings = {
				ALWAYS_EMBED_SWIFT_STANDARD_LIBRARIES = YES;
				BUNDLE_LOADER = "$(TEST_HOST)";
				CODE_SIGN_STYLE = Automatic;
				CURRENT_PROJECT_VERSION = 1;
				GENERATE_INFOPLIST_FILE = YES;
				IPHONEOS_DEPLOYMENT_TARGET = 17.2;
				MARKETING_VERSION = 1.0;
				PRODUCT_BUNDLE_IDENTIFIER = emre.quicksmsTests;
				PRODUCT_NAME = "$(TARGET_NAME)";
				SWIFT_EMIT_LOC_STRINGS = NO;
				SWIFT_VERSION = 5.0;
				TARGETED_DEVICE_FAMILY = "1,2";
				TEST_HOST = "$(BUILT_PRODUCTS_DIR)/quicksms.app/$(BUNDLE_EXECUTABLE_FOLDER_PATH)/quicksms";
			};
			name = Debug;
		};
		C32BFA3D2DD3A9C2003BB874 /* Release */ = {
			isa = XCBuildConfiguration;
			buildSettings = {
				ALWAYS_EMBED_SWIFT_STANDARD_LIBRARIES = YES;
				BUNDLE_LOADER = "$(TEST_HOST)";
				CODE_SIGN_STYLE = Automatic;
				CURRENT_PROJECT_VERSION = 1;
				GENERATE_INFOPLIST_FILE = YES;
				IPHONEOS_DEPLOYMENT_TARGET = 17.2;
				MARKETING_VERSION = 1.0;
				PRODUCT_BUNDLE_IDENTIFIER = emre.quicksmsTests;
				PRODUCT_NAME = "$(TARGET_NAME)";
				SWIFT_EMIT_LOC_STRINGS = NO;
				SWIFT_VERSION = 5.0;
				TARGETED_DEVICE_FAMILY = "1,2";
				TEST_HOST = "$(BUILT_PRODUCTS_DIR)/quicksms.app/$(BUNDLE_EXECUTABLE_FOLDER_PATH)/quicksms";
			};
			name = Release;
		};
		C32BFA3F2DD3A9C2003BB874 /* Debug */ = {
			isa = XCBuildConfiguration;
			buildSettings = {
				ALWAYS_EMBED_SWIFT_STANDARD_LIBRARIES = YES;
				CODE_SIGN_STYLE = Automatic;
				CURRENT_PROJECT_VERSION = 1;
				GENERATE_INFOPLIST_FILE = YES;
				MARKETING_VERSION = 1.0;
				PRODUCT_BUNDLE_IDENTIFIER = emre.quicksmsUITests;
				PRODUCT_NAME = "$(TARGET_NAME)";
				SWIFT_EMIT_LOC_STRINGS = NO;
				SWIFT_VERSION = 5.0;
				TARGETED_DEVICE_FAMILY = "1,2";
				TEST_TARGET_NAME = quicksms;
			};
			name = Debug;
		};
		C32BFA402DD3A9C2003BB874 /* Release */ = {
			isa = XCBuildConfiguration;
			buildSettings = {
				ALWAYS_EMBED_SWIFT_STANDARD_LIBRARIES = YES;
				CODE_SIGN_STYLE = Automatic;
				CURRENT_PROJECT_VERSION = 1;
				GENERATE_INFOPLIST_FILE = YES;
				MARKETING_VERSION = 1.0;
				PRODUCT_BUNDLE_IDENTIFIER = emre.quicksmsUITests;
				PRODUCT_NAME = "$(TARGET_NAME)";
				SWIFT_EMIT_LOC_STRINGS = NO;
				SWIFT_VERSION = 5.0;
				TARGETED_DEVICE_FAMILY = "1,2";
				TEST_TARGET_NAME = quicksms;
			};
			name = Release;
		};
/* End XCBuildConfiguration section */

/* Begin XCConfigurationList section */
		C32BFA092DD3A9B9003BB874 /* Build configuration list for PBXProject "quicksms" */ = {
			isa = XCConfigurationList;
			buildConfigurations = (
				C32BFA362DD3A9C2003BB874 /* Debug */,
				C32BFA372DD3A9C2003BB874 /* Release */,
			);
			defaultConfigurationIsVisible = 0;
			defaultConfigurationName = Release;
		};
		C32BFA382DD3A9C2003BB874 /* Build configuration list for PBXNativeTarget "quicksms" */ = {
			isa = XCConfigurationList;
			buildConfigurations = (
				C32BFA392DD3A9C2003BB874 /* Debug */,
				C32BFA3A2DD3A9C2003BB874 /* Release */,
			);
			defaultConfigurationIsVisible = 0;
			defaultConfigurationName = Release;
		};
		C32BFA3B2DD3A9C2003BB874 /* Build configuration list for PBXNativeTarget "quicksmsTests" */ = {
			isa = XCConfigurationList;
			buildConfigurations = (
				C32BFA3C2DD3A9C2003BB874 /* Debug */,
				C32BFA3D2DD3A9C2003BB874 /* Release */,
			);
			defaultConfigurationIsVisible = 0;
			defaultConfigurationName = Release;
		};
		C32BFA3E2DD3A9C2003BB874 /* Build configuration list for PBXNativeTarget "quicksmsUITests" */ = {
			isa = XCConfigurationList;
			buildConfigurations = (
				C32BFA3F2DD3A9C2003BB874 /* Debug */,
				C32BFA402DD3A9C2003BB874 /* Release */,
			);
			defaultConfigurationIsVisible = 0;
			defaultConfigurationName = Release;
		};
/* End XCConfigurationList section */
	};
	rootObject = C32BFA062DD3A9B9003BB874 /* Project object */;
}
